
Microsoft Visual Studio Solution File, Format Version 12.00
# Visual Studio 15
VisualStudioVersion = 15.0.27428.2037
MinimumVisualStudioVersion = 10.0.40219.1
Project("{FAE04EC0-301F-11D3-BF4B-00C04F79EFBC}") = "ConsoleApp", "ConsoleApp\ConsoleApp.csproj", "{2902B124-E17F-44FF-A06C-EAAD7C62CEEB}"
EndProject
Global
	GlobalSection(SolutionConfigurationPlatforms) = preSolution
		Debug|Any CPU = Debug|Any CPU
		Release|Any CPU = Release|Any CPU
	EndGlobalSection
	GlobalSection(ProjectConfigurationPlatforms) = postSolution
		{2902B124-E17F-44FF-A06C-EAAD7C62CEEB}.Debug|Any CPU.ActiveCfg = Debug|Any CPU
		{2902B124-E17F-44FF-A06C-EAAD7C62CEEB}.Debug|Any CPU.Build.0 = Debug|Any CPU
		{2902B124-E17F-44FF-A06C-EAAD7C62CEEB}.Release|Any CPU.ActiveCfg = Release|Any CPU
		{2902B124-E17F-44FF-A06C-EAAD7C62CEEB}.Release|Any CPU.Build.0 = Release|Any CPU
	EndGlobalSection
	GlobalSection(SolutionProperties) = preSolution
		HideSolutionNode = FALSE
	EndGlobalSection
	GlobalSection(ExtensibilityGlobals) = postSolution
		SolutionGuid = {E03259D7-D976-47DE-926D-84566BFCCC28}
	EndGlobalSection
EndGlobal
